// !$*UTF8*$!
{
	archiveVersion = 1;
	classes = {
	};
	objectVersion = 46;
	objects = {

/* Begin PBXBuildFile section */
		613BD53C0FBB937969FE4536 /* libPods-SignalPathUITests.a in Frameworks */ = {isa = PBXBuildFile; fileRef = 22A9367602E9C4B118E34879 /* libPods-SignalPathUITests.a */; };
		7A32BDB5369AA0D298157EF3 /* libPods-SignalPath.a in Frameworks */ = {isa = PBXBuildFile; fileRef = D9D9CD04EE3C48C382671DB8 /* libPods-SignalPath.a */; };
		B0FC8B6CA043A8D3F9B0671A /* libPods-SignalPathTests.a in Frameworks */ = {isa = PBXBuildFile; fileRef = BA17E3B9992915165C3CCA58 /* libPods-SignalPathTests.a */; };
		FE0943441D70B6D100464F17 /* BlockUtil.m in Sources */ = {isa = PBXBuildFile; fileRef = FE0943431D70B6D100464F17 /* BlockUtil.m */; };
		FE0943481D70B7A200464F17 /* JHBlock.m in Sources */ = {isa = PBXBuildFile; fileRef = FE0943471D70B7A200464F17 /* JHBlock.m */; };
		FE0943501D713ADE00464F17 /* https.cer in Resources */ = {isa = PBXBuildFile; fileRef = FE09434F1D713ADE00464F17 /* https.cer */; };
		FE0943541D7167B200464F17 /* JHAPIClient.m in Sources */ = {isa = PBXBuildFile; fileRef = FE0943531D7167B200464F17 /* JHAPIClient.m */; };
		FE0943581D717DB900464F17 /* NSDictionary+SafetyAdditions.m in Sources */ = {isa = PBXBuildFile; fileRef = FE0943571D717DB900464F17 /* NSDictionary+SafetyAdditions.m */; };
		FE09435B1D71821E00464F17 /* ErrorUtil.m in Sources */ = {isa = PBXBuildFile; fileRef = FE09435A1D71821E00464F17 /* ErrorUtil.m */; };
		FE0943601D71838500464F17 /* JHConstants.m in Sources */ = {isa = PBXBuildFile; fileRef = FE09435F1D71838500464F17 /* JHConstants.m */; };
		FE09436A1D72BD8400464F17 /* UICollectionView+FDIndexPathHeightCache.m in Sources */ = {isa = PBXBuildFile; fileRef = FE0943631D72BD8400464F17 /* UICollectionView+FDIndexPathHeightCache.m */; };
		FE09436B1D72BD8400464F17 /* UICollectionView+FDKeyedHeightCache.m in Sources */ = {isa = PBXBuildFile; fileRef = FE0943651D72BD8400464F17 /* UICollectionView+FDKeyedHeightCache.m */; };
		FE09436C1D72BD8400464F17 /* UICollectionView+FDTemplateLayoutCell.m in Sources */ = {isa = PBXBuildFile; fileRef = FE0943671D72BD8400464F17 /* UICollectionView+FDTemplateLayoutCell.m */; };
		FE09436D1D72BD8400464F17 /* UICollectionView+FDTemplateLayoutCellDebug.m in Sources */ = {isa = PBXBuildFile; fileRef = FE0943691D72BD8400464F17 /* UICollectionView+FDTemplateLayoutCellDebug.m */; };
		FE0943711D72C2B300464F17 /* JHBlockCell.m in Sources */ = {isa = PBXBuildFile; fileRef = FE0943701D72C2B300464F17 /* JHBlockCell.m */; };
		FE0943741D72C2C800464F17 /* JHSignalPathViewModel.m in Sources */ = {isa = PBXBuildFile; fileRef = FE0943731D72C2C800464F17 /* JHSignalPathViewModel.m */; };
		FE0943771D72C89300464F17 /* UIView+LayoutUtil.m in Sources */ = {isa = PBXBuildFile; fileRef = FE0943761D72C89200464F17 /* UIView+LayoutUtil.m */; };
		FE09437C1D72E54900464F17 /* LXReorderableCollectionViewFlowLayout.m in Sources */ = {isa = PBXBuildFile; fileRef = FE09437B1D72E54900464F17 /* LXReorderableCollectionViewFlowLayout.m */; };
		FE0943801D733AA300464F17 /* JHCollectionViewFlowLayout.m in Sources */ = {isa = PBXBuildFile; fileRef = FE09437F1D733AA300464F17 /* JHCollectionViewFlowLayout.m */; };
		FED634F81D6F5CB400276E21 /* main.m in Sources */ = {isa = PBXBuildFile; fileRef = FED634F71D6F5CB400276E21 /* main.m */; };
		FED634FB1D6F5CB400276E21 /* AppDelegate.m in Sources */ = {isa = PBXBuildFile; fileRef = FED634FA1D6F5CB400276E21 /* AppDelegate.m */; };
		FED635011D6F5CB400276E21 /* Main.storyboard in Resources */ = {isa = PBXBuildFile; fileRef = FED634FF1D6F5CB400276E21 /* Main.storyboard */; };
		FED635031D6F5CB400276E21 /* Assets.xcassets in Resources */ = {isa = PBXBuildFile; fileRef = FED635021D6F5CB400276E21 /* Assets.xcassets */; };
		FED635061D6F5CB400276E21 /* LaunchScreen.storyboard in Resources */ = {isa = PBXBuildFile; fileRef = FED635041D6F5CB400276E21 /* LaunchScreen.storyboard */; };
		FED635111D6F5CB400276E21 /* SignalPathTests.m in Sources */ = {isa = PBXBuildFile; fileRef = FED635101D6F5CB400276E21 /* SignalPathTests.m */; };
		FED6351C1D6F5CB400276E21 /* SignalPathUITests.m in Sources */ = {isa = PBXBuildFile; fileRef = FED6351B1D6F5CB400276E21 /* SignalPathUITests.m */; };
		FED635521D6F5FD100276E21 /* JHSignalPathViewController.m in Sources */ = {isa = PBXBuildFile; fileRef = FED635511D6F5FD100276E21 /* JHSignalPathViewController.m */; };
/* End PBXBuildFile section */

/* Begin PBXContainerItemProxy section */
		FED6350D1D6F5CB400276E21 /* PBXContainerItemProxy */ = {
			isa = PBXContainerItemProxy;
			containerPortal = FED634EB1D6F5CB300276E21 /* Project object */;
			proxyType = 1;
			remoteGlobalIDString = FED634F21D6F5CB300276E21;
			remoteInfo = SignalPath;
		};
		FED635181D6F5CB400276E21 /* PBXContainerItemProxy */ = {
			isa = PBXContainerItemProxy;
			containerPortal = FED634EB1D6F5CB300276E21 /* Project object */;
			proxyType = 1;
			remoteGlobalIDString = FED634F21D6F5CB300276E21;
			remoteInfo = SignalPath;
		};
/* End PBXContainerItemProxy section */

/* Begin PBXFileReference section */
		18A7BF95682D32C7B3D2A82B /* Pods-SignalPath.debug.xcconfig */ = {isa = PBXFileReference; includeInIndex = 1; lastKnownFileType = text.xcconfig; name = "Pods-SignalPath.debug.xcconfig"; path = "Pods/Target Support Files/Pods-SignalPath/Pods-SignalPath.debug.xcconfig"; sourceTree = "<group>"; };
		22A9367602E9C4B118E34879 /* libPods-SignalPathUITests.a */ = {isa = PBXFileReference; explicitFileType = archive.ar; includeInIndex = 0; path = "libPods-SignalPathUITests.a"; sourceTree = BUILT_PRODUCTS_DIR; };
		452CEEB3E1B3ECA5982B266D /* Pods-SignalPath.release.xcconfig */ = {isa = PBXFileReference; includeInIndex = 1; lastKnownFileType = text.xcconfig; name = "Pods-SignalPath.release.xcconfig"; path = "Pods/Target Support Files/Pods-SignalPath/Pods-SignalPath.release.xcconfig"; sourceTree = "<group>"; };
		4BAC0675050247824C4362EC /* Pods-SignalPathUITests.release.xcconfig */ = {isa = PBXFileReference; includeInIndex = 1; lastKnownFileType = text.xcconfig; name = "Pods-SignalPathUITests.release.xcconfig"; path = "Pods/Target Support Files/Pods-SignalPathUITests/Pods-SignalPathUITests.release.xcconfig"; sourceTree = "<group>"; };
		6EC364E2263AA15BC96FFF84 /* Pods-SignalPathTests.debug.xcconfig */ = {isa = PBXFileReference; includeInIndex = 1; lastKnownFileType = text.xcconfig; name = "Pods-SignalPathTests.debug.xcconfig"; path = "Pods/Target Support Files/Pods-SignalPathTests/Pods-SignalPathTests.debug.xcconfig"; sourceTree = "<group>"; };
		926D25D2301F8DC65BED2C74 /* Pods-SignalPathUITests.debug.xcconfig */ = {isa = PBXFileReference; includeInIndex = 1; lastKnownFileType = text.xcconfig; name = "Pods-SignalPathUITests.debug.xcconfig"; path = "Pods/Target Support Files/Pods-SignalPathUITests/Pods-SignalPathUITests.debug.xcconfig"; sourceTree = "<group>"; };
		BA17E3B9992915165C3CCA58 /* libPods-SignalPathTests.a */ = {isa = PBXFileReference; explicitFileType = archive.ar; includeInIndex = 0; path = "libPods-SignalPathTests.a"; sourceTree = BUILT_PRODUCTS_DIR; };
		C4A4EA611C4FD7D611B7B619 /* Pods-SignalPathTests.release.xcconfig */ = {isa = PBXFileReference; includeInIndex = 1; lastKnownFileType = text.xcconfig; name = "Pods-SignalPathTests.release.xcconfig"; path = "Pods/Target Support Files/Pods-SignalPathTests/Pods-SignalPathTests.release.xcconfig"; sourceTree = "<group>"; };
		D9D9CD04EE3C48C382671DB8 /* libPods-SignalPath.a */ = {isa = PBXFileReference; explicitFileType = archive.ar; includeInIndex = 0; path = "libPods-SignalPath.a"; sourceTree = BUILT_PRODUCTS_DIR; };
		FE0943421D70B6D100464F17 /* BlockUtil.h */ = {isa = PBXFileReference; fileEncoding = 4; lastKnownFileType = sourcecode.c.h; path = BlockUtil.h; sourceTree = "<group>"; };
		FE0943431D70B6D100464F17 /* BlockUtil.m */ = {isa = PBXFileReference; fileEncoding = 4; lastKnownFileType = sourcecode.c.objc; path = BlockUtil.m; sourceTree = "<group>"; };
		FE0943461D70B7A200464F17 /* JHBlock.h */ = {isa = PBXFileReference; fileEncoding = 4; lastKnownFileType = sourcecode.c.h; path = JHBlock.h; sourceTree = "<group>"; };
		FE0943471D70B7A200464F17 /* JHBlock.m */ = {isa = PBXFileReference; fileEncoding = 4; lastKnownFileType = sourcecode.c.objc; path = JHBlock.m; sourceTree = "<group>"; };
		FE0943491D70BCC400464F17 /* libAFNetworking.a */ = {isa = PBXFileReference; lastKnownFileType = archive.ar; name = libAFNetworking.a; path = "Pods/../build/Debug-iphoneos/AFNetworking/libAFNetworking.a"; sourceTree = "<group>"; };
		FE09434F1D713ADE00464F17 /* https.cer */ = {isa = PBXFileReference; lastKnownFileType = file; path = https.cer; sourceTree = "<group>"; };
		FE0943521D7167B200464F17 /* JHAPIClient.h */ = {isa = PBXFileReference; fileEncoding = 4; lastKnownFileType = sourcecode.c.h; path = JHAPIClient.h; sourceTree = "<group>"; };
		FE0943531D7167B200464F17 /* JHAPIClient.m */ = {isa = PBXFileReference; fileEncoding = 4; lastKnownFileType = sourcecode.c.objc; path = JHAPIClient.m; sourceTree = "<group>"; };
		FE0943561D717DB900464F17 /* NSDictionary+SafetyAdditions.h */ = {isa = PBXFileReference; fileEncoding = 4; lastKnownFileType = sourcecode.c.h; path = "NSDictionary+SafetyAdditions.h"; sourceTree = "<group>"; };
		FE0943571D717DB900464F17 /* NSDictionary+SafetyAdditions.m */ = {isa = PBXFileReference; fileEncoding = 4; lastKnownFileType = sourcecode.c.objc; path = "NSDictionary+SafetyAdditions.m"; sourceTree = "<group>"; };
		FE0943591D71821E00464F17 /* ErrorUtil.h */ = {isa = PBXFileReference; fileEncoding = 4; lastKnownFileType = sourcecode.c.h; path = ErrorUtil.h; sourceTree = "<group>"; };
		FE09435A1D71821E00464F17 /* ErrorUtil.m */ = {isa = PBXFileReference; fileEncoding = 4; lastKnownFileType = sourcecode.c.objc; path = ErrorUtil.m; sourceTree = "<group>"; };
		FE09435E1D71838500464F17 /* JHConstants.h */ = {isa = PBXFileReference; fileEncoding = 4; lastKnownFileType = sourcecode.c.h; path = JHConstants.h; sourceTree = "<group>"; };
		FE09435F1D71838500464F17 /* JHConstants.m */ = {isa = PBXFileReference; fileEncoding = 4; lastKnownFileType = sourcecode.c.objc; path = JHConstants.m; sourceTree = "<group>"; };
		FE0943621D72BD8400464F17 /* UICollectionView+FDIndexPathHeightCache.h */ = {isa = PBXFileReference; fileEncoding = 4; lastKnownFileType = sourcecode.c.h; path = "UICollectionView+FDIndexPathHeightCache.h"; sourceTree = "<group>"; };
		FE0943631D72BD8400464F17 /* UICollectionView+FDIndexPathHeightCache.m */ = {isa = PBXFileReference; fileEncoding = 4; lastKnownFileType = sourcecode.c.objc; path = "UICollectionView+FDIndexPathHeightCache.m"; sourceTree = "<group>"; };
		FE0943641D72BD8400464F17 /* UICollectionView+FDKeyedHeightCache.h */ = {isa = PBXFileReference; fileEncoding = 4; lastKnownFileType = sourcecode.c.h; path = "UICollectionView+FDKeyedHeightCache.h"; sourceTree = "<group>"; };
		FE0943651D72BD8400464F17 /* UICollectionView+FDKeyedHeightCache.m */ = {isa = PBXFileReference; fileEncoding = 4; lastKnownFileType = sourcecode.c.objc; path = "UICollectionView+FDKeyedHeightCache.m"; sourceTree = "<group>"; };
		FE0943661D72BD8400464F17 /* UICollectionView+FDTemplateLayoutCell.h */ = {isa = PBXFileReference; fileEncoding = 4; lastKnownFileType = sourcecode.c.h; path = "UICollectionView+FDTemplateLayoutCell.h"; sourceTree = "<group>"; };
		FE0943671D72BD8400464F17 /* UICollectionView+FDTemplateLayoutCell.m */ = {isa = PBXFileReference; fileEncoding = 4; lastKnownFileType = sourcecode.c.objc; path = "UICollectionView+FDTemplateLayoutCell.m"; sourceTree = "<group>"; };
		FE0943681D72BD8400464F17 /* UICollectionView+FDTemplateLayoutCellDebug.h */ = {isa = PBXFileReference; fileEncoding = 4; lastKnownFileType = sourcecode.c.h; path = "UICollectionView+FDTemplateLayoutCellDebug.h"; sourceTree = "<group>"; };
		FE0943691D72BD8400464F17 /* UICollectionView+FDTemplateLayoutCellDebug.m */ = {isa = PBXFileReference; fileEncoding = 4; lastKnownFileType = sourcecode.c.objc; path = "UICollectionView+FDTemplateLayoutCellDebug.m"; sourceTree = "<group>"; };
		FE09436F1D72C2B300464F17 /* JHBlockCell.h */ = {isa = PBXFileReference; fileEncoding = 4; lastKnownFileType = sourcecode.c.h; path = JHBlockCell.h; sourceTree = "<group>"; };
		FE0943701D72C2B300464F17 /* JHBlockCell.m */ = {isa = PBXFileReference; fileEncoding = 4; lastKnownFileType = sourcecode.c.objc; path = JHBlockCell.m; sourceTree = "<group>"; };
		FE0943721D72C2C800464F17 /* JHSignalPathViewModel.h */ = {isa = PBXFileReference; fileEncoding = 4; lastKnownFileType = sourcecode.c.h; path = JHSignalPathViewModel.h; sourceTree = "<group>"; };
		FE0943731D72C2C800464F17 /* JHSignalPathViewModel.m */ = {isa = PBXFileReference; fileEncoding = 4; lastKnownFileType = sourcecode.c.objc; path = JHSignalPathViewModel.m; sourceTree = "<group>"; };
		FE0943751D72C89200464F17 /* UIView+LayoutUtil.h */ = {isa = PBXFileReference; fileEncoding = 4; lastKnownFileType = sourcecode.c.h; path = "UIView+LayoutUtil.h"; sourceTree = "<group>"; };
		FE0943761D72C89200464F17 /* UIView+LayoutUtil.m */ = {isa = PBXFileReference; fileEncoding = 4; lastKnownFileType = sourcecode.c.objc; path = "UIView+LayoutUtil.m"; sourceTree = "<group>"; };
		FE09437A1D72E54900464F17 /* LXReorderableCollectionViewFlowLayout.h */ = {isa = PBXFileReference; fileEncoding = 4; lastKnownFileType = sourcecode.c.h; path = LXReorderableCollectionViewFlowLayout.h; sourceTree = "<group>"; };
		FE09437B1D72E54900464F17 /* LXReorderableCollectionViewFlowLayout.m */ = {isa = PBXFileReference; fileEncoding = 4; lastKnownFileType = sourcecode.c.objc; path = LXReorderableCollectionViewFlowLayout.m; sourceTree = "<group>"; };
		FE09437E1D733AA300464F17 /* JHCollectionViewFlowLayout.h */ = {isa = PBXFileReference; fileEncoding = 4; lastKnownFileType = sourcecode.c.h; path = JHCollectionViewFlowLayout.h; sourceTree = "<group>"; };
		FE09437F1D733AA300464F17 /* JHCollectionViewFlowLayout.m */ = {isa = PBXFileReference; fileEncoding = 4; lastKnownFileType = sourcecode.c.objc; path = JHCollectionViewFlowLayout.m; sourceTree = "<group>"; };
		FED634F31D6F5CB300276E21 /* SignalPath.app */ = {isa = PBXFileReference; explicitFileType = wrapper.application; includeInIndex = 0; path = SignalPath.app; sourceTree = BUILT_PRODUCTS_DIR; };
		FED634F71D6F5CB400276E21 /* main.m */ = {isa = PBXFileReference; lastKnownFileType = sourcecode.c.objc; path = main.m; sourceTree = "<group>"; };
		FED634F91D6F5CB400276E21 /* AppDelegate.h */ = {isa = PBXFileReference; lastKnownFileType = sourcecode.c.h; path = AppDelegate.h; sourceTree = "<group>"; };
		FED634FA1D6F5CB400276E21 /* AppDelegate.m */ = {isa = PBXFileReference; lastKnownFileType = sourcecode.c.objc; path = AppDelegate.m; sourceTree = "<group>"; };
		FED635001D6F5CB400276E21 /* Base */ = {isa = PBXFileReference; lastKnownFileType = file.storyboard; name = Base; path = Base.lproj/Main.storyboard; sourceTree = "<group>"; };
		FED635021D6F5CB400276E21 /* Assets.xcassets */ = {isa = PBXFileReference; lastKnownFileType = folder.assetcatalog; path = Assets.xcassets; sourceTree = "<group>"; };
		FED635051D6F5CB400276E21 /* Base */ = {isa = PBXFileReference; lastKnownFileType = file.storyboard; name = Base; path = Base.lproj/LaunchScreen.storyboard; sourceTree = "<group>"; };
		FED635071D6F5CB400276E21 /* Info.plist */ = {isa = PBXFileReference; lastKnownFileType = text.plist.xml; path = Info.plist; sourceTree = "<group>"; };
		FED6350C1D6F5CB400276E21 /* SignalPathTests.xctest */ = {isa = PBXFileReference; explicitFileType = wrapper.cfbundle; includeInIndex = 0; path = SignalPathTests.xctest; sourceTree = BUILT_PRODUCTS_DIR; };
		FED635101D6F5CB400276E21 /* SignalPathTests.m */ = {isa = PBXFileReference; lastKnownFileType = sourcecode.c.objc; path = SignalPathTests.m; sourceTree = "<group>"; };
		FED635121D6F5CB400276E21 /* Info.plist */ = {isa = PBXFileReference; lastKnownFileType = text.plist.xml; path = Info.plist; sourceTree = "<group>"; };
		FED635171D6F5CB400276E21 /* SignalPathUITests.xctest */ = {isa = PBXFileReference; explicitFileType = wrapper.cfbundle; includeInIndex = 0; path = SignalPathUITests.xctest; sourceTree = BUILT_PRODUCTS_DIR; };
		FED6351B1D6F5CB400276E21 /* SignalPathUITests.m */ = {isa = PBXFileReference; lastKnownFileType = sourcecode.c.objc; path = SignalPathUITests.m; sourceTree = "<group>"; };
		FED6351D1D6F5CB400276E21 /* Info.plist */ = {isa = PBXFileReference; lastKnownFileType = text.plist.xml; path = Info.plist; sourceTree = "<group>"; };
		FED635501D6F5FD100276E21 /* JHSignalPathViewController.h */ = {isa = PBXFileReference; fileEncoding = 4; lastKnownFileType = sourcecode.c.h; path = JHSignalPathViewController.h; sourceTree = "<group>"; };
		FED635511D6F5FD100276E21 /* JHSignalPathViewController.m */ = {isa = PBXFileReference; fileEncoding = 4; lastKnownFileType = sourcecode.c.objc; path = JHSignalPathViewController.m; sourceTree = "<group>"; };
/* End PBXFileReference section */

/* Begin PBXFrameworksBuildPhase section */
		FED634F01D6F5CB300276E21 /* Frameworks */ = {
			isa = PBXFrameworksBuildPhase;
			buildActionMask = 2147483647;
			files = (
				7A32BDB5369AA0D298157EF3 /* libPods-SignalPath.a in Frameworks */,
			);
			runOnlyForDeploymentPostprocessing = 0;
		};
		FED635091D6F5CB400276E21 /* Frameworks */ = {
			isa = PBXFrameworksBuildPhase;
			buildActionMask = 2147483647;
			files = (
				B0FC8B6CA043A8D3F9B0671A /* libPods-SignalPathTests.a in Frameworks */,
			);
			runOnlyForDeploymentPostprocessing = 0;
		};
		FED635141D6F5CB400276E21 /* Frameworks */ = {
			isa = PBXFrameworksBuildPhase;
			buildActionMask = 2147483647;
			files = (
				613BD53C0FBB937969FE4536 /* libPods-SignalPathUITests.a in Frameworks */,
			);
			runOnlyForDeploymentPostprocessing = 0;
		};
/* End PBXFrameworksBuildPhase section */

/* Begin PBXGroup section */
		AFAEE21BE2CE75C30F2B96ED /* Pods */ = {
			isa = PBXGroup;
			children = (
				18A7BF95682D32C7B3D2A82B /* Pods-SignalPath.debug.xcconfig */,
				452CEEB3E1B3ECA5982B266D /* Pods-SignalPath.release.xcconfig */,
				6EC364E2263AA15BC96FFF84 /* Pods-SignalPathTests.debug.xcconfig */,
				C4A4EA611C4FD7D611B7B619 /* Pods-SignalPathTests.release.xcconfig */,
				926D25D2301F8DC65BED2C74 /* Pods-SignalPathUITests.debug.xcconfig */,
				4BAC0675050247824C4362EC /* Pods-SignalPathUITests.release.xcconfig */,
			);
			name = Pods;
			sourceTree = "<group>";
		};
		BA8BB38A5F56663EE34433C5 /* Frameworks */ = {
			isa = PBXGroup;
			children = (
				FE0943491D70BCC400464F17 /* libAFNetworking.a */,
				D9D9CD04EE3C48C382671DB8 /* libPods-SignalPath.a */,
				BA17E3B9992915165C3CCA58 /* libPods-SignalPathTests.a */,
				22A9367602E9C4B118E34879 /* libPods-SignalPathUITests.a */,
			);
			name = Frameworks;
			sourceTree = "<group>";
		};
		FE0943411D70B67900464F17 /* Util */ = {
			isa = PBXGroup;
			children = (
				FE0943421D70B6D100464F17 /* BlockUtil.h */,
				FE0943431D70B6D100464F17 /* BlockUtil.m */,
				FE0943591D71821E00464F17 /* ErrorUtil.h */,
				FE09435A1D71821E00464F17 /* ErrorUtil.m */,
			);
			path = Util;
			sourceTree = "<group>";
		};
		FE0943451D70B74600464F17 /* Model */ = {
			isa = PBXGroup;
			children = (
				FE0943461D70B7A200464F17 /* JHBlock.h */,
				FE0943471D70B7A200464F17 /* JHBlock.m */,
			);
			path = Model;
			sourceTree = "<group>";
		};
		FE09434E1D713ADE00464F17 /* resource */ = {
			isa = PBXGroup;
			children = (
				FE09434F1D713ADE00464F17 /* https.cer */,
			);
			path = resource;
			sourceTree = "<group>";
		};
		FE0943511D71677000464F17 /* Networking */ = {
			isa = PBXGroup;
			children = (
				FE0943521D7167B200464F17 /* JHAPIClient.h */,
				FE0943531D7167B200464F17 /* JHAPIClient.m */,
			);
			path = Networking;
			sourceTree = "<group>";
		};
		FE0943551D717DB900464F17 /* Category */ = {
			isa = PBXGroup;
			children = (
				FE0943611D72BD8400464F17 /* JHTemplateLayoutCell */,
				FE0943751D72C89200464F17 /* UIView+LayoutUtil.h */,
				FE0943761D72C89200464F17 /* UIView+LayoutUtil.m */,
				FE0943561D717DB900464F17 /* NSDictionary+SafetyAdditions.h */,
				FE0943571D717DB900464F17 /* NSDictionary+SafetyAdditions.m */,
			);
			path = Category;
			sourceTree = "<group>";
		};
		FE0943611D72BD8400464F17 /* JHTemplateLayoutCell */ = {
			isa = PBXGroup;
			children = (
				FE0943621D72BD8400464F17 /* UICollectionView+FDIndexPathHeightCache.h */,
				FE0943631D72BD8400464F17 /* UICollectionView+FDIndexPathHeightCache.m */,
				FE0943641D72BD8400464F17 /* UICollectionView+FDKeyedHeightCache.h */,
				FE0943651D72BD8400464F17 /* UICollectionView+FDKeyedHeightCache.m */,
				FE0943661D72BD8400464F17 /* UICollectionView+FDTemplateLayoutCell.h */,
				FE0943671D72BD8400464F17 /* UICollectionView+FDTemplateLayoutCell.m */,
				FE0943681D72BD8400464F17 /* UICollectionView+FDTemplateLayoutCellDebug.h */,
				FE0943691D72BD8400464F17 /* UICollectionView+FDTemplateLayoutCellDebug.m */,
			);
			path = JHTemplateLayoutCell;
			sourceTree = "<group>";
		};
		FE09436E1D72C2B300464F17 /* BlockCell */ = {
			isa = PBXGroup;
			children = (
				FE09436F1D72C2B300464F17 /* JHBlockCell.h */,
				FE0943701D72C2B300464F17 /* JHBlockCell.m */,
			);
			path = BlockCell;
			sourceTree = "<group>";
		};
		FE0943781D72E54900464F17 /* FlowLayout */ = {
			isa = PBXGroup;
			children = (
				FE09437D1D733A8400464F17 /* JHCollectionViewFlowLayout */,
				FE0943791D72E54900464F17 /* LXReorderableCollectionViewFlowLayout */,
			);
			path = FlowLayout;
			sourceTree = "<group>";
		};
		FE0943791D72E54900464F17 /* LXReorderableCollectionViewFlowLayout */ = {
			isa = PBXGroup;
			children = (
				FE09437A1D72E54900464F17 /* LXReorderableCollectionViewFlowLayout.h */,
				FE09437B1D72E54900464F17 /* LXReorderableCollectionViewFlowLayout.m */,
			);
			path = LXReorderableCollectionViewFlowLayout;
			sourceTree = "<group>";
		};
		FE09437D1D733A8400464F17 /* JHCollectionViewFlowLayout */ = {
			isa = PBXGroup;
			children = (
				FE09437E1D733AA300464F17 /* JHCollectionViewFlowLayout.h */,
				FE09437F1D733AA300464F17 /* JHCollectionViewFlowLayout.m */,
			);
			path = JHCollectionViewFlowLayout;
			sourceTree = "<group>";
		};
		FED634EA1D6F5CB300276E21 = {
			isa = PBXGroup;
			children = (
				FED634F51D6F5CB300276E21 /* SignalPath */,
				FED6350F1D6F5CB400276E21 /* SignalPathTests */,
				FED6351A1D6F5CB400276E21 /* SignalPathUITests */,
				FED634F41D6F5CB300276E21 /* Products */,
				AFAEE21BE2CE75C30F2B96ED /* Pods */,
				BA8BB38A5F56663EE34433C5 /* Frameworks */,
			);
			sourceTree = "<group>";
		};
		FED634F41D6F5CB300276E21 /* Products */ = {
			isa = PBXGroup;
			children = (
				FED634F31D6F5CB300276E21 /* SignalPath.app */,
				FED6350C1D6F5CB400276E21 /* SignalPathTests.xctest */,
				FED635171D6F5CB400276E21 /* SignalPathUITests.xctest */,
			);
			name = Products;
			sourceTree = "<group>";
		};
		FED634F51D6F5CB300276E21 /* SignalPath */ = {
			isa = PBXGroup;
			children = (
				FE09434E1D713ADE00464F17 /* resource */,
				FED6353B1D6F5FA800276E21 /* class */,
				FED634F91D6F5CB400276E21 /* AppDelegate.h */,
				FED634FA1D6F5CB400276E21 /* AppDelegate.m */,
				FED634FF1D6F5CB400276E21 /* Main.storyboard */,
				FED635021D6F5CB400276E21 /* Assets.xcassets */,
				FED635041D6F5CB400276E21 /* LaunchScreen.storyboard */,
				FED635071D6F5CB400276E21 /* Info.plist */,
				FED634F61D6F5CB400276E21 /* Supporting Files */,
			);
			path = SignalPath;
			sourceTree = "<group>";
		};
		FED634F61D6F5CB400276E21 /* Supporting Files */ = {
			isa = PBXGroup;
			children = (
				FED634F71D6F5CB400276E21 /* main.m */,
			);
			name = "Supporting Files";
			sourceTree = "<group>";
		};
		FED6350F1D6F5CB400276E21 /* SignalPathTests */ = {
			isa = PBXGroup;
			children = (
				FED635101D6F5CB400276E21 /* SignalPathTests.m */,
				FED635121D6F5CB400276E21 /* Info.plist */,
			);
			path = SignalPathTests;
			sourceTree = "<group>";
		};
		FED6351A1D6F5CB400276E21 /* SignalPathUITests */ = {
			isa = PBXGroup;
			children = (
				FED6351B1D6F5CB400276E21 /* SignalPathUITests.m */,
				FED6351D1D6F5CB400276E21 /* Info.plist */,
			);
			path = SignalPathUITests;
			sourceTree = "<group>";
		};
		FED6353B1D6F5FA800276E21 /* class */ = {
			isa = PBXGroup;
			children = (
				FE09435E1D71838500464F17 /* JHConstants.h */,
				FE09435F1D71838500464F17 /* JHConstants.m */,
				FE0943781D72E54900464F17 /* FlowLayout */,
				FE0943551D717DB900464F17 /* Category */,
				FE0943511D71677000464F17 /* Networking */,
				FE0943451D70B74600464F17 /* Model */,
				FE0943411D70B67900464F17 /* Util */,
				FED6353C1D6F5FA800276E21 /* View */,
				FED6354A1D6F5FA800276E21 /* ViewController */,
			);
			path = class;
			sourceTree = "<group>";
		};
		FED6353C1D6F5FA800276E21 /* View */ = {
			isa = PBXGroup;
			children = (
				FE09436E1D72C2B300464F17 /* BlockCell */,
			);
			path = View;
			sourceTree = "<group>";
		};
		FED6354A1D6F5FA800276E21 /* ViewController */ = {
			isa = PBXGroup;
			children = (
				FED6354B1D6F5FA800276E21 /* SignalPath */,
			);
			path = ViewController;
			sourceTree = "<group>";
		};
		FED6354B1D6F5FA800276E21 /* SignalPath */ = {
			isa = PBXGroup;
			children = (
				FED635501D6F5FD100276E21 /* JHSignalPathViewController.h */,
				FED635511D6F5FD100276E21 /* JHSignalPathViewController.m */,
				FE0943721D72C2C800464F17 /* JHSignalPathViewModel.h */,
				FE0943731D72C2C800464F17 /* JHSignalPathViewModel.m */,
			);
			path = SignalPath;
			sourceTree = "<group>";
		};
/* End PBXGroup section */

/* Begin PBXNativeTarget section */
		FED634F21D6F5CB300276E21 /* SignalPath */ = {
			isa = PBXNativeTarget;
			buildConfigurationList = FED635201D6F5CB400276E21 /* Build configuration list for PBXNativeTarget "SignalPath" */;
			buildPhases = (
				36ECC999366E592FAC1C005E /* [CP] Check Pods Manifest.lock */,
				FED634EF1D6F5CB300276E21 /* Sources */,
				FED634F01D6F5CB300276E21 /* Frameworks */,
				FED634F11D6F5CB300276E21 /* Resources */,
				C9E07963D0953E74E4CFB970 /* [CP] Embed Pods Frameworks */,
				5842D6891FBBA9632B82AE2F /* [CP] Copy Pods Resources */,
			);
			buildRules = (
			);
			dependencies = (
			);
			name = SignalPath;
			productName = SignalPath;
			productReference = FED634F31D6F5CB300276E21 /* SignalPath.app */;
			productType = "com.apple.product-type.application";
		};
		FED6350B1D6F5CB400276E21 /* SignalPathTests */ = {
			isa = PBXNativeTarget;
			buildConfigurationList = FED635231D6F5CB400276E21 /* Build configuration list for PBXNativeTarget "SignalPathTests" */;
			buildPhases = (
				79B8B68ED4CE002DF074FB70 /* [CP] Check Pods Manifest.lock */,
				FED635081D6F5CB400276E21 /* Sources */,
				FED635091D6F5CB400276E21 /* Frameworks */,
				FED6350A1D6F5CB400276E21 /* Resources */,
				60535C4B522FAB22BCD01023 /* [CP] Embed Pods Frameworks */,
				7FF0363FF26EDE79C7E38FF0 /* [CP] Copy Pods Resources */,
			);
			buildRules = (
			);
			dependencies = (
				FED6350E1D6F5CB400276E21 /* PBXTargetDependency */,
			);
			name = SignalPathTests;
			productName = SignalPathTests;
			productReference = FED6350C1D6F5CB400276E21 /* SignalPathTests.xctest */;
			productType = "com.apple.product-type.bundle.unit-test";
		};
		FED635161D6F5CB400276E21 /* SignalPathUITests */ = {
			isa = PBXNativeTarget;
			buildConfigurationList = FED635261D6F5CB400276E21 /* Build configuration list for PBXNativeTarget "SignalPathUITests" */;
			buildPhases = (
				FA385F9F7A2E0C352854811D /* [CP] Check Pods Manifest.lock */,
				FED635131D6F5CB400276E21 /* Sources */,
				FED635141D6F5CB400276E21 /* Frameworks */,
				FED635151D6F5CB400276E21 /* Resources */,
				E96CD372B678263C65AE512E /* [CP] Copy Pods Resources */,
			);
			buildRules = (
			);
			dependencies = (
				FED635191D6F5CB400276E21 /* PBXTargetDependency */,
			);
			name = SignalPathUITests;
			productName = SignalPathUITests;
			productReference = FED635171D6F5CB400276E21 /* SignalPathUITests.xctest */;
			productType = "com.apple.product-type.bundle.ui-testing";
		};
/* End PBXNativeTarget section */

/* Begin PBXProject section */
		FED634EB1D6F5CB300276E21 /* Project object */ = {
			isa = PBXProject;
			attributes = {
				LastUpgradeCheck = 0720;
				ORGANIZATIONNAME = hsujahhu;
				TargetAttributes = {
					FED634F21D6F5CB300276E21 = {
						CreatedOnToolsVersion = 7.2;
					};
					FED6350B1D6F5CB400276E21 = {
						CreatedOnToolsVersion = 7.2;
						TestTargetID = FED634F21D6F5CB300276E21;
					};
					FED635161D6F5CB400276E21 = {
						CreatedOnToolsVersion = 7.2;
						TestTargetID = FED634F21D6F5CB300276E21;
					};
				};
			};
			buildConfigurationList = FED634EE1D6F5CB300276E21 /* Build configuration list for PBXProject "SignalPath" */;
			compatibilityVersion = "Xcode 3.2";
			developmentRegion = English;
			hasScannedForEncodings = 0;
			knownRegions = (
				en,
				Base,
			);
			mainGroup = FED634EA1D6F5CB300276E21;
			productRefGroup = FED634F41D6F5CB300276E21 /* Products */;
			projectDirPath = "";
			projectRoot = "";
			targets = (
				FED634F21D6F5CB300276E21 /* SignalPath */,
				FED6350B1D6F5CB400276E21 /* SignalPathTests */,
				FED635161D6F5CB400276E21 /* SignalPathUITests */,
			);
		};
/* End PBXProject section */

/* Begin PBXResourcesBuildPhase section */
		FED634F11D6F5CB300276E21 /* Resources */ = {
			isa = PBXResourcesBuildPhase;
			buildActionMask = 2147483647;
			files = (
				FE0943501D713ADE00464F17 /* https.cer in Resources */,
				FED635061D6F5CB400276E21 /* LaunchScreen.storyboard in Resources */,
				FED635031D6F5CB400276E21 /* Assets.xcassets in Resources */,
				FED635011D6F5CB400276E21 /* Main.storyboard in Resources */,
			);
			runOnlyForDeploymentPostprocessing = 0;
		};
		FED6350A1D6F5CB400276E21 /* Resources */ = {
			isa = PBXResourcesBuildPhase;
			buildActionMask = 2147483647;
			files = (
			);
			runOnlyForDeploymentPostprocessing = 0;
		};
		FED635151D6F5CB400276E21 /* Resources */ = {
			isa = PBXResourcesBuildPhase;
			buildActionMask = 2147483647;
			files = (
			);
			runOnlyForDeploymentPostprocessing = 0;
		};
/* End PBXResourcesBuildPhase section */

/* Begin PBXShellScriptBuildPhase section */
		36ECC999366E592FAC1C005E /* [CP] Check Pods Manifest.lock */ = {
			isa = PBXShellScriptBuildPhase;
			buildActionMask = 2147483647;
			files = (
			);
			inputPaths = (
			);
			name = "[CP] Check Pods Manifest.lock";
			outputPaths = (
			);
			runOnlyForDeploymentPostprocessing = 0;
			shellPath = /bin/sh;
			shellScript = "diff \"${PODS_ROOT}/../Podfile.lock\" \"${PODS_ROOT}/Manifest.lock\" > /dev/null\nif [[ $? != 0 ]] ; then\n    cat << EOM\nerror: The sandbox is not in sync with the Podfile.lock. Run 'pod install' or update your CocoaPods installation.\nEOM\n    exit 1\nfi\n";
			showEnvVarsInLog = 0;
		};
		5842D6891FBBA9632B82AE2F /* [CP] Copy Pods Resources */ = {
			isa = PBXShellScriptBuildPhase;
			buildActionMask = 2147483647;
			files = (
			);
			inputPaths = (
			);
			name = "[CP] Copy Pods Resources";
			outputPaths = (
			);
			runOnlyForDeploymentPostprocessing = 0;
			shellPath = /bin/sh;
			shellScript = "\"${SRCROOT}/Pods/Target Support Files/Pods-SignalPath/Pods-SignalPath-resources.sh\"\n";
			showEnvVarsInLog = 0;
		};
		60535C4B522FAB22BCD01023 /* [CP] Embed Pods Frameworks */ = {
			isa = PBXShellScriptBuildPhase;
			buildActionMask = 2147483647;
			files = (
			);
			inputPaths = (
			);
			name = "[CP] Embed Pods Frameworks";
			outputPaths = (
			);
			runOnlyForDeploymentPostprocessing = 0;
			shellPath = /bin/sh;
			shellScript = "\"${SRCROOT}/Pods/Target Support Files/Pods-SignalPathTests/Pods-SignalPathTests-frameworks.sh\"\n";
			showEnvVarsInLog = 0;
		};
		79B8B68ED4CE002DF074FB70 /* [CP] Check Pods Manifest.lock */ = {
			isa = PBXShellScriptBuildPhase;
			buildActionMask = 2147483647;
			files = (
			);
			inputPaths = (
			);
			name = "[CP] Check Pods Manifest.lock";
			outputPaths = (
			);
			runOnlyForDeploymentPostprocessing = 0;
			shellPath = /bin/sh;
			shellScript = "diff \"${PODS_ROOT}/../Podfile.lock\" \"${PODS_ROOT}/Manifest.lock\" > /dev/null\nif [[ $? != 0 ]] ; then\n    cat << EOM\nerror: The sandbox is not in sync with the Podfile.lock. Run 'pod install' or update your CocoaPods installation.\nEOM\n    exit 1\nfi\n";
			showEnvVarsInLog = 0;
		};
		7FF0363FF26EDE79C7E38FF0 /* [CP] Copy Pods Resources */ = {
			isa = PBXShellScriptBuildPhase;
			buildActionMask = 2147483647;
			files = (
			);
			inputPaths = (
			);
			name = "[CP] Copy Pods Resources";
			outputPaths = (
			);
			runOnlyForDeploymentPostprocessing = 0;
			shellPath = /bin/sh;
			shellScript = "\"${SRCROOT}/Pods/Target Support Files/Pods-SignalPathTests/Pods-SignalPathTests-resources.sh\"\n";
			showEnvVarsInLog = 0;
		};
		C9E07963D0953E74E4CFB970 /* [CP] Embed Pods Frameworks */ = {
			isa = PBXShellScriptBuildPhase;
			buildActionMask = 2147483647;
			files = (
			);
			inputPaths = (
			);
			name = "[CP] Embed Pods Frameworks";
			outputPaths = (
			);
			runOnlyForDeploymentPostprocessing = 0;
			shellPath = /bin/sh;
			shellScript = "\"${SRCROOT}/Pods/Target Support Files/Pods-SignalPath/Pods-SignalPath-frameworks.sh\"\n";
			showEnvVarsInLog = 0;
		};
		E96CD372B678263C65AE512E /* [CP] Copy Pods Resources */ = {
			isa = PBXShellScriptBuildPhase;
			buildActionMask = 2147483647;
			files = (
			);
			inputPaths = (
			);
			name = "[CP] Copy Pods Resources";
			outputPaths = (
			);
			runOnlyForDeploymentPostprocessing = 0;
			shellPath = /bin/sh;
			shellScript = "\"${SRCROOT}/Pods/Target Support Files/Pods-SignalPathUITests/Pods-SignalPathUITests-resources.sh\"\n";
			showEnvVarsInLog = 0;
		};
		FA385F9F7A2E0C352854811D /* [CP] Check Pods Manifest.lock */ = {
			isa = PBXShellScriptBuildPhase;
			buildActionMask = 2147483647;
			files = (
			);
			inputPaths = (
			);
			name = "[CP] Check Pods Manifest.lock";
			outputPaths = (
			);
			runOnlyForDeploymentPostprocessing = 0;
			shellPath = /bin/sh;
			shellScript = "diff \"${PODS_ROOT}/../Podfile.lock\" \"${PODS_ROOT}/Manifest.lock\" > /dev/null\nif [[ $? != 0 ]] ; then\n    cat << EOM\nerror: The sandbox is not in sync with the Podfile.lock. Run 'pod install' or update your CocoaPods installation.\nEOM\n    exit 1\nfi\n";
			showEnvVarsInLog = 0;
		};
/* End PBXShellScriptBuildPhase section */

/* Begin PBXSourcesBuildPhase section */
		FED634EF1D6F5CB300276E21 /* Sources */ = {
			isa = PBXSourcesBuildPhase;
			buildActionMask = 2147483647;
			files = (
				FE09436A1D72BD8400464F17 /* UICollectionView+FDIndexPathHeightCache.m in Sources */,
				FE0943801D733AA300464F17 /* JHCollectionViewFlowLayout.m in Sources */,
				FE0943711D72C2B300464F17 /* JHBlockCell.m in Sources */,
				FE0943771D72C89300464F17 /* UIView+LayoutUtil.m in Sources */,
				FE09435B1D71821E00464F17 /* ErrorUtil.m in Sources */,
				FE0943541D7167B200464F17 /* JHAPIClient.m in Sources */,
				FE0943741D72C2C800464F17 /* JHSignalPathViewModel.m in Sources */,
				FED635521D6F5FD100276E21 /* JHSignalPathViewController.m in Sources */,
				FED634FB1D6F5CB400276E21 /* AppDelegate.m in Sources */,
				FE09436C1D72BD8400464F17 /* UICollectionView+FDTemplateLayoutCell.m in Sources */,
				FED634F81D6F5CB400276E21 /* main.m in Sources */,
				FE0943481D70B7A200464F17 /* JHBlock.m in Sources */,
				FE0943601D71838500464F17 /* JHConstants.m in Sources */,
				FE0943581D717DB900464F17 /* NSDictionary+SafetyAdditions.m in Sources */,
				FE09436B1D72BD8400464F17 /* UICollectionView+FDKeyedHeightCache.m in Sources */,
				FE09436D1D72BD8400464F17 /* UICollectionView+FDTemplateLayoutCellDebug.m in Sources */,
				FE09437C1D72E54900464F17 /* LXReorderableCollectionViewFlowLayout.m in Sources */,
				FE0943441D70B6D100464F17 /* BlockUtil.m in Sources */,
			);
			runOnlyForDeploymentPostprocessing = 0;
		};
		FED635081D6F5CB400276E21 /* Sources */ = {
			isa = PBXSourcesBuildPhase;
			buildActionMask = 2147483647;
			files = (
				FED635111D6F5CB400276E21 /* SignalPathTests.m in Sources */,
			);
			runOnlyForDeploymentPostprocessing = 0;
		};
		FED635131D6F5CB400276E21 /* Sources */ = {
			isa = PBXSourcesBuildPhase;
			buildActionMask = 2147483647;
			files = (
				FED6351C1D6F5CB400276E21 /* SignalPathUITests.m in Sources */,
			);
			runOnlyForDeploymentPostprocessing = 0;
		};
/* End PBXSourcesBuildPhase section */

/* Begin PBXTargetDependency section */
		FED6350E1D6F5CB400276E21 /* PBXTargetDependency */ = {
			isa = PBXTargetDependency;
			target = FED634F21D6F5CB300276E21 /* SignalPath */;
			targetProxy = FED6350D1D6F5CB400276E21 /* PBXContainerItemProxy */;
		};
		FED635191D6F5CB400276E21 /* PBXTargetDependency */ = {
			isa = PBXTargetDependency;
			target = FED634F21D6F5CB300276E21 /* SignalPath */;
			targetProxy = FED635181D6F5CB400276E21 /* PBXContainerItemProxy */;
		};
/* End PBXTargetDependency section */

/* Begin PBXVariantGroup section */
		FED634FF1D6F5CB400276E21 /* Main.storyboard */ = {
			isa = PBXVariantGroup;
			children = (
				FED635001D6F5CB400276E21 /* Base */,
			);
			name = Main.storyboard;
			sourceTree = "<group>";
		};
		FED635041D6F5CB400276E21 /* LaunchScreen.storyboard */ = {
			isa = PBXVariantGroup;
			children = (
				FED635051D6F5CB400276E21 /* Base */,
			);
			name = LaunchScreen.storyboard;
			sourceTree = "<group>";
		};
/* End PBXVariantGroup section */

/* Begin XCBuildConfiguration section */
		FED6351E1D6F5CB400276E21 /* Debug */ = {
			isa = XCBuildConfiguration;
			buildSettings = {
				ALWAYS_SEARCH_USER_PATHS = NO;
				CLANG_CXX_LANGUAGE_STANDARD = "gnu++0x";
				CLANG_CXX_LIBRARY = "libc++";
				CLANG_ENABLE_MODULES = YES;
				CLANG_ENABLE_OBJC_ARC = YES;
				CLANG_WARN_BOOL_CONVERSION = YES;
				CLANG_WARN_CONSTANT_CONVERSION = YES;
				CLANG_WARN_DIRECT_OBJC_ISA_USAGE = YES_ERROR;
				CLANG_WARN_EMPTY_BODY = YES;
				CLANG_WARN_ENUM_CONVERSION = YES;
				CLANG_WARN_INT_CONVERSION = YES;
				CLANG_WARN_OBJC_ROOT_CLASS = YES_ERROR;
				CLANG_WARN_UNREACHABLE_CODE = YES;
				CLANG_WARN__DUPLICATE_METHOD_MATCH = YES;
				"CODE_SIGN_IDENTITY[sdk=iphoneos*]" = "iPhone Developer";
				COPY_PHASE_STRIP = NO;
				DEBUG_INFORMATION_FORMAT = dwarf;
				ENABLE_STRICT_OBJC_MSGSEND = YES;
				ENABLE_TESTABILITY = YES;
				GCC_C_LANGUAGE_STANDARD = gnu99;
				GCC_DYNAMIC_NO_PIC = NO;
				GCC_NO_COMMON_BLOCKS = YES;
				GCC_OPTIMIZATION_LEVEL = 0;
				GCC_PREPROCESSOR_DEFINITIONS = (
					"DEBUG=1",
					"$(inherited)",
				);
				GCC_WARN_64_TO_32_BIT_CONVERSION = YES;
				GCC_WARN_ABOUT_RETURN_TYPE = YES_ERROR;
				GCC_WARN_UNDECLARED_SELECTOR = YES;
				GCC_WARN_UNINITIALIZED_AUTOS = YES_AGGRESSIVE;
				GCC_WARN_UNUSED_FUNCTION = YES;
				GCC_WARN_UNUSED_VARIABLE = YES;
				IPHONEOS_DEPLOYMENT_TARGET = 9.2;
				MTL_ENABLE_DEBUG_INFO = YES;
				ONLY_ACTIVE_ARCH = YES;
				SDKROOT = iphoneos;
				TARGETED_DEVICE_FAMILY = "1,2";
			};
			name = Debug;
		};
		FED6351F1D6F5CB400276E21 /* Release */ = {
			isa = XCBuildConfiguration;
			buildSettings = {
				ALWAYS_SEARCH_USER_PATHS = NO;
				CLANG_CXX_LANGUAGE_STANDARD = "gnu++0x";
				CLANG_CXX_LIBRARY = "libc++";
				CLANG_ENABLE_MODULES = YES;
				CLANG_ENABLE_OBJC_ARC = YES;
				CLANG_WARN_BOOL_CONVERSION = YES;
				CLANG_WARN_CONSTANT_CONVERSION = YES;
				CLANG_WARN_DIRECT_OBJC_ISA_USAGE = YES_ERROR;
				CLANG_WARN_EMPTY_BODY = YES;
				CLANG_WARN_ENUM_CONVERSION = YES;
				CLANG_WARN_INT_CONVERSION = YES;
				CLANG_WARN_OBJC_ROOT_CLASS = YES_ERROR;
				CLANG_WARN_UNREACHABLE_CODE = YES;
				CLANG_WARN__DUPLICATE_METHOD_MATCH = YES;
				"CODE_SIGN_IDENTITY[sdk=iphoneos*]" = "iPhone Developer";
				COPY_PHASE_STRIP = NO;
				DEBUG_INFORMATION_FORMAT = "dwarf-with-dsym";
				ENABLE_NS_ASSERTIONS = NO;
				ENABLE_STRICT_OBJC_MSGSEND = YES;
				GCC_C_LANGUAGE_STANDARD = gnu99;
				GCC_NO_COMMON_BLOCKS = YES;
				GCC_WARN_64_TO_32_BIT_CONVERSION = YES;
				GCC_WARN_ABOUT_RETURN_TYPE = YES_ERROR;
				GCC_WARN_UNDECLARED_SELECTOR = YES;
				GCC_WARN_UNINITIALIZED_AUTOS = YES_AGGRESSIVE;
				GCC_WARN_UNUSED_FUNCTION = YES;
				GCC_WARN_UNUSED_VARIABLE = YES;
				IPHONEOS_DEPLOYMENT_TARGET = 9.2;
				MTL_ENABLE_DEBUG_INFO = NO;
				SDKROOT = iphoneos;
				TARGETED_DEVICE_FAMILY = "1,2";
				VALIDATE_PRODUCT = YES;
			};
			name = Release;
		};
		FED635211D6F5CB400276E21 /* Debug */ = {
			isa = XCBuildConfiguration;
			baseConfigurationReference = 18A7BF95682D32C7B3D2A82B /* Pods-SignalPath.debug.xcconfig */;
			buildSettings = {
				ASSETCATALOG_COMPILER_APPICON_NAME = AppIcon;
				INFOPLIST_FILE = SignalPath/Info.plist;
				LD_RUNPATH_SEARCH_PATHS = "$(inherited) @executable_path/Frameworks";
				LIBRARY_SEARCH_PATHS = (
					"$(inherited)",
					"$(PROJECT_DIR)/build/Debug-iphoneos/AFNetworking",
				);
				PRODUCT_BUNDLE_IDENTIFIER = com.hsujah.SignalPath;
				PRODUCT_NAME = "$(TARGET_NAME)";
			};
			name = Debug;
		};
		FED635221D6F5CB400276E21 /* Release */ = {
			isa = XCBuildConfiguration;
			baseConfigurationReference = 452CEEB3E1B3ECA5982B266D /* Pods-SignalPath.release.xcconfig */;
			buildSettings = {
				ASSETCATALOG_COMPILER_APPICON_NAME = AppIcon;
				INFOPLIST_FILE = SignalPath/Info.plist;
				LD_RUNPATH_SEARCH_PATHS = "$(inherited) @executable_path/Frameworks";
				LIBRARY_SEARCH_PATHS = (
					"$(inherited)",
					"$(PROJECT_DIR)/build/Debug-iphoneos/AFNetworking",
				);
				PRODUCT_BUNDLE_IDENTIFIER = com.hsujah.SignalPath;
				PRODUCT_NAME = "$(TARGET_NAME)";
			};
			name = Release;
		};
		FED635241D6F5CB400276E21 /* Debug */ = {
			isa = XCBuildConfiguration;
			baseConfigurationReference = 6EC364E2263AA15BC96FFF84 /* Pods-SignalPathTests.debug.xcconfig */;
			buildSettings = {
				BUNDLE_LOADER = "$(TEST_HOST)";
				INFOPLIST_FILE = SignalPathTests/Info.plist;
				LD_RUNPATH_SEARCH_PATHS = "$(inherited) @executable_path/Frameworks @loader_path/Frameworks";
				PRODUCT_BUNDLE_IDENTIFIER = com.hsujah.SignalPathTests;
				PRODUCT_NAME = "$(TARGET_NAME)";
				TEST_HOST = "$(BUILT_PRODUCTS_DIR)/SignalPath.app/SignalPath";
			};
			name = Debug;
		};
		FED635251D6F5CB400276E21 /* Release */ = {
			isa = XCBuildConfiguration;
			baseConfigurationReference = C4A4EA611C4FD7D611B7B619 /* Pods-SignalPathTests.release.xcconfig */;
			buildSettings = {
				BUNDLE_LOADER = "$(TEST_HOST)";
				INFOPLIST_FILE = SignalPathTests/Info.plist;
				LD_RUNPATH_SEARCH_PATHS = "$(inherited) @executable_path/Frameworks @loader_path/Frameworks";
				PRODUCT_BUNDLE_IDENTIFIER = com.hsujah.SignalPathTests;
				PRODUCT_NAME = "$(TARGET_NAME)";
				TEST_HOST = "$(BUILT_PRODUCTS_DIR)/SignalPath.app/SignalPath";
			};
			name = Release;
		};
		FED635271D6F5CB400276E21 /* Debug */ = {
			isa = XCBuildConfiguration;
			baseConfigurationReference = 926D25D2301F8DC65BED2C74 /* Pods-SignalPathUITests.debug.xcconfig */;
			buildSettings = {
				INFOPLIST_FILE = SignalPathUITests/Info.plist;
				LD_RUNPATH_SEARCH_PATHS = "$(inherited) @executable_path/Frameworks @loader_path/Frameworks";
				PRODUCT_BUNDLE_IDENTIFIER = com.hsujah.SignalPathUITests;
				PRODUCT_NAME = "$(TARGET_NAME)";
				TEST_TARGET_NAME = SignalPath;
				USES_XCTRUNNER = YES;
			};
			name = Debug;
		};
		FED635281D6F5CB400276E21 /* Release */ = {
			isa = XCBuildConfiguration;
			baseConfigurationReference = 4BAC0675050247824C4362EC /* Pods-SignalPathUITests.release.xcconfig */;
			buildSettings = {
				INFOPLIST_FILE = SignalPathUITests/Info.plist;
				LD_RUNPATH_SEARCH_PATHS = "$(inherited) @executable_path/Frameworks @loader_path/Frameworks";
				PRODUCT_BUNDLE_IDENTIFIER = com.hsujah.SignalPathUITests;
				PRODUCT_NAME = "$(TARGET_NAME)";
				TEST_TARGET_NAME = SignalPath;
				USES_XCTRUNNER = YES;
			};
			name = Release;
		};
/* End XCBuildConfiguration section */

/* Begin XCConfigurationList section */
		FED634EE1D6F5CB300276E21 /* Build configuration list for PBXProject "SignalPath" */ = {
			isa = XCConfigurationList;
			buildConfigurations = (
				FED6351E1D6F5CB400276E21 /* Debug */,
				FED6351F1D6F5CB400276E21 /* Release */,
			);
			defaultConfigurationIsVisible = 0;
			defaultConfigurationName = Release;
		};
		FED635201D6F5CB400276E21 /* Build configuration list for PBXNativeTarget "SignalPath" */ = {
			isa = XCConfigurationList;
			buildConfigurations = (
				FED635211D6F5CB400276E21 /* Debug */,
				FED635221D6F5CB400276E21 /* Release */,
			);
			defaultConfigurationIsVisible = 0;
			defaultConfigurationName = Release;
		};
		FED635231D6F5CB400276E21 /* Build configuration list for PBXNativeTarget "SignalPathTests" */ = {
			isa = XCConfigurationList;
			buildConfigurations = (
				FED635241D6F5CB400276E21 /* Debug */,
				FED635251D6F5CB400276E21 /* Release */,
			);
			defaultConfigurationIsVisible = 0;
			defaultConfigurationName = Release;
		};
		FED635261D6F5CB400276E21 /* Build configuration list for PBXNativeTarget "SignalPathUITests" */ = {
			isa = XCConfigurationList;
			buildConfigurations = (
				FED635271D6F5CB400276E21 /* Debug */,
				FED635281D6F5CB400276E21 /* Release */,
			);
			defaultConfigurationIsVisible = 0;
			defaultConfigurationName = Release;
		};
/* End XCConfigurationList section */
	};
	rootObject = FED634EB1D6F5CB300276E21 /* Project object */;
}
